
Microsoft Visual Studio Solution File, Format Version 12.00
# Visual Studio 14
VisualStudioVersion = 14.0.25420.1
MinimumVisualStudioVersion = 10.0.40219.1
Project("{2150E333-8FDC-42A3-9474-1A3956D46DE8}") = "Engine", "Engine", "{68D04B92-4A7E-4C43-9F72-ADC6BA55CB13}"
EndProject
Project("{2150E333-8FDC-42A3-9474-1A3956D46DE8}") = "Games", "Games", "{B7C1763D-0E4D-494A-A5C1-1292A61DC7CD}"
EndProject
Project("{8BC9CEB8-8B4A-11D0-8D11-00A0C91BC942}") = "UE4", "Intermediate\ProjectFiles\UE4.vcxproj", "{E031BC8C-7F90-4B90-B426-5F3817DAD3CB}"
EndProject
Project("{8BC9CEB8-8B4A-11D0-8D11-00A0C91BC942}") = "BuildingEscape", "Intermediate\ProjectFiles\BuildingEscape.vcxproj", "{6295968B-247E-4C79-9E70-9B5D9F216818}"
EndProject
Global
	GlobalSection(SolutionConfigurationPlatforms) = preSolution
		DebugGame Editor|HTML5 = DebugGame Editor|HTML5
		DebugGame Editor|Win32 = DebugGame Editor|Win32
		DebugGame Editor|Win64 = DebugGame Editor|Win64
		DebugGame|HTML5 = DebugGame|HTML5
		DebugGame|Win32 = DebugGame|Win32
		DebugGame|Win64 = DebugGame|Win64
		Development Editor|HTML5 = Development Editor|HTML5
		Development Editor|Win32 = Development Editor|Win32
		Development Editor|Win64 = Development Editor|Win64
		Development|HTML5 = Development|HTML5
		Development|Win32 = Development|Win32
		Development|Win64 = Development|Win64
		Shipping|HTML5 = Shipping|HTML5
		Shipping|Win32 = Shipping|Win32
		Shipping|Win64 = Shipping|Win64
	EndGlobalSection
	GlobalSection(ProjectConfigurationPlatforms) = postSolution
		{E031BC8C-7F90-4B90-B426-5F3817DAD3CB}.DebugGame Editor|HTML5.ActiveCfg = BuiltWithUnrealBuildTool|Win32
		{E031BC8C-7F90-4B90-B426-5F3817DAD3CB}.DebugGame Editor|HTML5.Build.0 = BuiltWithUnrealBuildTool|Win32
		{E031BC8C-7F90-4B90-B426-5F3817DAD3CB}.DebugGame Editor|Win32.ActiveCfg = BuiltWithUnrealBuildTool|Win32
		{E031BC8C-7F90-4B90-B426-5F3817DAD3CB}.DebugGame Editor|Win32.Build.0 = BuiltWithUnrealBuildTool|Win32
		{E031BC8C-7F90-4B90-B426-5F3817DAD3CB}.DebugGame Editor|Win64.ActiveCfg = BuiltWithUnrealBuildTool|Win32
		{E031BC8C-7F90-4B90-B426-5F3817DAD3CB}.DebugGame Editor|Win64.Build.0 = BuiltWithUnrealBuildTool|Win32
		{E031BC8C-7F90-4B90-B426-5F3817DAD3CB}.DebugGame|HTML5.ActiveCfg = BuiltWithUnrealBuildTool|Win32
		{E031BC8C-7F90-4B90-B426-5F3817DAD3CB}.DebugGame|HTML5.Build.0 = BuiltWithUnrealBuildTool|Win32
		{E031BC8C-7F90-4B90-B426-5F3817DAD3CB}.DebugGame|Win32.ActiveCfg = BuiltWithUnrealBuildTool|Win32
		{E031BC8C-7F90-4B90-B426-5F3817DAD3CB}.DebugGame|Win32.Build.0 = BuiltWithUnrealBuildTool|Win32
		{E031BC8C-7F90-4B90-B426-5F3817DAD3CB}.DebugGame|Win64.ActiveCfg = BuiltWithUnrealBuildTool|Win32
		{E031BC8C-7F90-4B90-B426-5F3817DAD3CB}.DebugGame|Win64.Build.0 = BuiltWithUnrealBuildTool|Win32
		{E031BC8C-7F90-4B90-B426-5F3817DAD3CB}.Development Editor|HTML5.ActiveCfg = BuiltWithUnrealBuildTool|Win32
		{E031BC8C-7F90-4B90-B426-5F3817DAD3CB}.Development Editor|HTML5.Build.0 = BuiltWithUnrealBuildTool|Win32
		{E031BC8C-7F90-4B90-B426-5F3817DAD3CB}.Development Editor|Win32.ActiveCfg = BuiltWithUnrealBuildTool|Win32
		{E031BC8C-7F90-4B90-B426-5F3817DAD3CB}.Development Editor|Win32.Build.0 = BuiltWithUnrealBuildTool|Win32
		{E031BC8C-7F90-4B90-B426-5F3817DAD3CB}.Development Editor|Win64.ActiveCfg = BuiltWithUnrealBuildTool|Win32
		{E031BC8C-7F90-4B90-B426-5F3817DAD3CB}.Development Editor|Win64.Build.0 = BuiltWithUnrealBuildTool|Win32
		{E031BC8C-7F90-4B90-B426-5F3817DAD3CB}.Development|HTML5.ActiveCfg = BuiltWithUnrealBuildTool|Win32
		{E031BC8C-7F90-4B90-B426-5F3817DAD3CB}.Development|HTML5.Build.0 = BuiltWithUnrealBuildTool|Win32
		{E031BC8C-7F90-4B90-B426-5F3817DAD3CB}.Development|Win32.ActiveCfg = BuiltWithUnrealBuildTool|Win32
		{E031BC8C-7F90-4B90-B426-5F3817DAD3CB}.Development|Win32.Build.0 = BuiltWithUnrealBuildTool|Win32
		{E031BC8C-7F90-4B90-B426-5F3817DAD3CB}.Development|Win64.ActiveCfg = BuiltWithUnrealBuildTool|Win32
		{E031BC8C-7F90-4B90-B426-5F3817DAD3CB}.Development|Win64.Build.0 = BuiltWithUnrealBuildTool|Win32
		{E031BC8C-7F90-4B90-B426-5F3817DAD3CB}.Shipping|HTML5.ActiveCfg = BuiltWithUnrealBuildTool|Win32
		{E031BC8C-7F90-4B90-B426-5F3817DAD3CB}.Shipping|HTML5.Build.0 = BuiltWithUnrealBuildTool|Win32
		{E031BC8C-7F90-4B90-B426-5F3817DAD3CB}.Shipping|Win32.ActiveCfg = BuiltWithUnrealBuildTool|Win32
		{E031BC8C-7F90-4B90-B426-5F3817DAD3CB}.Shipping|Win32.Build.0 = BuiltWithUnrealBuildTool|Win32
		{E031BC8C-7F90-4B90-B426-5F3817DAD3CB}.Shipping|Win64.ActiveCfg = BuiltWithUnrealBuildTool|Win32
		{E031BC8C-7F90-4B90-B426-5F3817DAD3CB}.Shipping|Win64.Build.0 = BuiltWithUnrealBuildTool|Win32
		{6295968B-247E-4C79-9E70-9B5D9F216818}.DebugGame Editor|HTML5.ActiveCfg = HTML5_DebugGame_Editor|Win32
		{6295968B-247E-4C79-9E70-9B5D9F216818}.DebugGame Editor|Win32.ActiveCfg = DebugGame_Editor|Win32
		{6295968B-247E-4C79-9E70-9B5D9F216818}.DebugGame Editor|Win64.ActiveCfg = DebugGame_Editor|x64
		{6295968B-247E-4C79-9E70-9B5D9F216818}.DebugGame Editor|Win64.Build.0 = DebugGame_Editor|x64
		{6295968B-247E-4C79-9E70-9B5D9F216818}.DebugGame|HTML5.ActiveCfg = HTML5_DebugGame_Game|Win32
		{6295968B-247E-4C79-9E70-9B5D9F216818}.DebugGame|HTML5.Build.0 = HTML5_DebugGame_Game|Win32
		{6295968B-247E-4C79-9E70-9B5D9F216818}.DebugGame|Win32.ActiveCfg = DebugGame_Game|Win32
		{6295968B-247E-4C79-9E70-9B5D9F216818}.DebugGame|Win32.Build.0 = DebugGame_Game|Win32
		{6295968B-247E-4C79-9E70-9B5D9F216818}.DebugGame|Win64.ActiveCfg = DebugGame_Game|x64
		{6295968B-247E-4C79-9E70-9B5D9F216818}.DebugGame|Win64.Build.0 = DebugGame_Game|x64
		{6295968B-247E-4C79-9E70-9B5D9F216818}.Development Editor|HTML5.ActiveCfg = HTML5_Development_Editor|Win32
		{6295968B-247E-4C79-9E70-9B5D9F216818}.Development Editor|Win32.ActiveCfg = Development_Editor|Win32
		{6295968B-247E-4C79-9E70-9B5D9F216818}.Development Editor|Win64.ActiveCfg = Development_Editor|x64
		{6295968B-247E-4C79-9E70-9B5D9F216818}.Development Editor|Win64.Build.0 = Development_Editor|x64
		{6295968B-247E-4C79-9E70-9B5D9F216818}.Development|HTML5.ActiveCfg = HTML5_Development_Game|Win32
		{6295968B-247E-4C79-9E70-9B5D9F216818}.Development|HTML5.Build.0 = HTML5_Development_Game|Win32
		{6295968B-247E-4C79-9E70-9B5D9F216818}.Development|Win32.ActiveCfg = Development_Game|Win32
		{6295968B-247E-4C79-9E70-9B5D9F216818}.Development|Win32.Build.0 = Development_Game|Win32
		{6295968B-247E-4C79-9E70-9B5D9F216818}.Development|Win64.ActiveCfg = Development_Game|x64
		{6295968B-247E-4C79-9E70-9B5D9F216818}.Development|Win64.Build.0 = Development_Game|x64
		{6295968B-247E-4C79-9E70-9B5D9F216818}.Shipping|HTML5.ActiveCfg = HTML5_Shipping_Game|Win32
		{6295968B-247E-4C79-9E70-9B5D9F216818}.Shipping|HTML5.Build.0 = HTML5_Shipping_Game|Win32
		{6295968B-247E-4C79-9E70-9B5D9F216818}.Shipping|Win32.ActiveCfg = Shipping_Game|Win32
		{6295968B-247E-4C79-9E70-9B5D9F216818}.Shipping|Win32.Build.0 = Shipping_Game|Win32
		{6295968B-247E-4C79-9E70-9B5D9F216818}.Shipping|Win64.ActiveCfg = Shipping_Game|x64
		{6295968B-247E-4C79-9E70-9B5D9F216818}.Shipping|Win64.Build.0 = Shipping_Game|x64
	EndGlobalSection
	GlobalSection(SolutionProperties) = preSolution
		HideSolutionNode = FALSE
	EndGlobalSection
	GlobalSection(NestedProjects) = preSolution
		{E031BC8C-7F90-4B90-B426-5F3817DAD3CB} = {68D04B92-4A7E-4C43-9F72-ADC6BA55CB13}
		{6295968B-247E-4C79-9E70-9B5D9F216818} = {B7C1763D-0E4D-494A-A5C1-1292A61DC7CD}
	EndGlobalSection
EndGlobal
